
Microsoft Visual Studio Solution File, Format Version 12.00
# Visual Studio Version 16
VisualStudioVersion = 16.0.29424.173
MinimumVisualStudioVersion = 10.0.40219.1
Project("{9A19103F-16F7-4668-BE54-9A1E7A4F7556}") = "GModProxy", "GModProxy\GModProxy.csproj", "{8094ECFD-5D5A-4735-93CF-28E50FF78089}"
EndProject
Global
	GlobalSection(SolutionConfigurationPlatforms) = preSolution
		Debug|Any CPU = Debug|Any CPU
		Release|Any CPU = Release|Any CPU
	EndGlobalSection
	GlobalSection(ProjectConfigurationPlatforms) = postSolution
		{8094ECFD-5D5A-4735-93CF-28E50FF78089}.Debug|Any CPU.ActiveCfg = Debug|Any CPU
		{8094ECFD-5D5A-4735-93CF-28E50FF78089}.Debug|Any CPU.Build.0 = Debug|Any CPU
		{8094ECFD-5D5A-4735-93CF-28E50FF78089}.Release|Any CPU.ActiveCfg = Release|Any CPU
		{8094ECFD-5D5A-4735-93CF-28E50FF78089}.Release|Any CPU.Build.0 = Release|Any CPU
	EndGlobalSection
	GlobalSection(SolutionProperties) = preSolution
		HideSolutionNode = FALSE
	EndGlobalSection
	GlobalSection(ExtensibilityGlobals) = postSolution
		SolutionGuid = {95BF7D82-8E40-473A-B1C8-7CB703A55881}
	EndGlobalSection
EndGlobal
